
Microsoft Visual Studio Solution File, Format Version 12.00
# Visual Studio Version 16
VisualStudioVersion = 16.0.31911.196
MinimumVisualStudioVersion = 10.0.40219.1
Project("{FAE04EC0-301F-11D3-BF4B-00C04F79EFBC}") = "WPF 19", "WPF 19\WPF 19.csproj", "{6F8B7DAB-1B26-4354-BA90-BBEC8DEDC613}"
EndProject
Global
	GlobalSection(SolutionConfigurationPlatforms) = preSolution
		Debug|Any CPU = Debug|Any CPU
		Release|Any CPU = Release|Any CPU
	EndGlobalSection
	GlobalSection(ProjectConfigurationPlatforms) = postSolution
		{6F8B7DAB-1B26-4354-BA90-BBEC8DEDC613}.Debug|Any CPU.ActiveCfg = Debug|Any CPU
		{6F8B7DAB-1B26-4354-BA90-BBEC8DEDC613}.Debug|Any CPU.Build.0 = Debug|Any CPU
		{6F8B7DAB-1B26-4354-BA90-BBEC8DEDC613}.Release|Any CPU.ActiveCfg = Release|Any CPU
		{6F8B7DAB-1B26-4354-BA90-BBEC8DEDC613}.Release|Any CPU.Build.0 = Release|Any CPU
	EndGlobalSection
	GlobalSection(SolutionProperties) = preSolution
		HideSolutionNode = FALSE
	EndGlobalSection
	GlobalSection(ExtensibilityGlobals) = postSolution
		SolutionGuid = {AB9EFECA-9540-4EA3-8531-30ED4D1CF89D}
	EndGlobalSection
EndGlobal
